
Microsoft Visual Studio Solution File, Format Version 12.00
# Visual Studio Version 17
VisualStudioVersion = 17.5.33516.290
MinimumVisualStudioVersion = 10.0.40219.1
Project("{FAE04EC0-301F-11D3-BF4B-00C04F79EFBC}") = "AgricolaDH&GApp", "AgricolaDH&GApp.csproj", "{CFE2B4E3-D27E-4ABB-B318-3A4B4BFC643D}"
EndProject
Global
	GlobalSection(SolutionConfigurationPlatforms) = preSolution
		Debug|Any CPU = Debug|Any CPU
		Release|Any CPU = Release|Any CPU
	EndGlobalSection
	GlobalSection(ProjectConfigurationPlatforms) = postSolution
		{CFE2B4E3-D27E-4ABB-B318-3A4B4BFC643D}.Debug|Any CPU.ActiveCfg = Debug|Any CPU
		{CFE2B4E3-D27E-4ABB-B318-3A4B4BFC643D}.Debug|Any CPU.Build.0 = Debug|Any CPU
		{CFE2B4E3-D27E-4ABB-B318-3A4B4BFC643D}.Release|Any CPU.ActiveCfg = Release|Any CPU
		{CFE2B4E3-D27E-4ABB-B318-3A4B4BFC643D}.Release|Any CPU.Build.0 = Release|Any CPU
	EndGlobalSection
	GlobalSection(SolutionProperties) = preSolution
		HideSolutionNode = FALSE
	EndGlobalSection
	GlobalSection(ExtensibilityGlobals) = postSolution
		SolutionGuid = {F2238644-F3C6-4395-B5E7-779AEF6EDAA0}
	EndGlobalSection
EndGlobal
