{
  "name": "dhgapp",
  "version": "1.0.0",
  "lockfileVersion": 2,
  "requires": true,
  "packages": {
    "": {
      "name": "dhgapp",
      "version": "1.0.0",
      "license": "ISC",
      "dependencies": {
        "jsbarcode": "^3.11.6"
      }
    },
    "node_modules/jsbarcode": {
      "version": "3.11.6",
      "resolved": "https://registry.npmjs.org/jsbarcode/-/jsbarcode-3.11.6.tgz",
      "integrity": "sha512-G5TKGyKY1zJo0ZQKFM1IIMfy0nF2rs92BLlCz+cU4/TazIc4ZH+X1GYeDRt7TKjrYqmPfTjwTBkU/QnQlsYiuA=="
    }
  },
  "dependencies": {
    "jsbarcode": {
      "version": "3.11.6",
      "resolved": "https://registry.npmjs.org/jsbarcode/-/jsbarcode-3.11.6.tgz",
      "integrity": "sha512-G5TKGyKY1zJo0ZQKFM1IIMfy0nF2rs92BLlCz+cU4/TazIc4ZH+X1GYeDRt7TKjrYqmPfTjwTBkU/QnQlsYiuA=="
    }
  }
}
